GEM
  remote: https://rubygems.org/
  specs:
    ffi (1.17.3-x64-mingw-ucrt)
    rotp (6.3.0)

PLATFORMS
  x64-mingw-ucrt

DEPENDENCIES
  ffi
  rotp

CHECKSUMS
  ffi (1.17.3-x64-mingw-ucrt) sha256=5f1d7d067a9a1058ad183dba25b05557cd51c85fc1768c49338eabc1cf242d7c
  rotp (6.3.0) sha256=75d40087e65ed0d8022c33055a6306c1c400d1c12261932533b5d6cbcd868854

BUNDLED WITH
  4.0.3
